
Microsoft Visual Studio Solution File, Format Version 12.00
# Visual Studio Version 17
VisualStudioVersion = 17.8.34322.80
MinimumVisualStudioVersion = 10.0.40219.1
Project("{FAE04EC0-301F-11D3-BF4B-00C04F79EFBC}") = "Using", "Using.csproj", "{91F5A32D-7CAB-4954-A082-3651ADB2B4CC}"
EndProject
Global
	GlobalSection(SolutionConfigurationPlatforms) = preSolution
		Debug|Any CPU = Debug|Any CPU
		Release|Any CPU = Release|Any CPU
	EndGlobalSection
	GlobalSection(ProjectConfigurationPlatforms) = postSolution
		{91F5A32D-7CAB-4954-A082-3651ADB2B4CC}.Debug|Any CPU.ActiveCfg = Debug|Any CPU
		{91F5A32D-7CAB-4954-A082-3651ADB2B4CC}.Debug|Any CPU.Build.0 = Debug|Any CPU
		{91F5A32D-7CAB-4954-A082-3651ADB2B4CC}.Release|Any CPU.ActiveCfg = Release|Any CPU
		{91F5A32D-7CAB-4954-A082-3651ADB2B4CC}.Release|Any CPU.Build.0 = Release|Any CPU
	EndGlobalSection
	GlobalSection(SolutionProperties) = preSolution
		HideSolutionNode = FALSE
	EndGlobalSection
	GlobalSection(ExtensibilityGlobals) = postSolution
		SolutionGuid = {6D336A31-9E81-495B-8B0A-365667ED8ED0}
	EndGlobalSection
EndGlobal
