
Microsoft Visual Studio Solution File, Format Version 12.00
# Visual Studio Version 17
VisualStudioVersion = 17.8.34322.80
MinimumVisualStudioVersion = 10.0.40219.1
Project("{FAE04EC0-301F-11D3-BF4B-00C04F79EFBC}") = "Tipos de datos", "Tipos de datos.csproj", "{A65935CD-DC9A-46F0-838A-8D0031E6E0BE}"
EndProject
Global
	GlobalSection(SolutionConfigurationPlatforms) = preSolution
		Debug|Any CPU = Debug|Any CPU
		Release|Any CPU = Release|Any CPU
	EndGlobalSection
	GlobalSection(ProjectConfigurationPlatforms) = postSolution
		{A65935CD-DC9A-46F0-838A-8D0031E6E0BE}.Debug|Any CPU.ActiveCfg = Debug|Any CPU
		{A65935CD-DC9A-46F0-838A-8D0031E6E0BE}.Debug|Any CPU.Build.0 = Debug|Any CPU
		{A65935CD-DC9A-46F0-838A-8D0031E6E0BE}.Release|Any CPU.ActiveCfg = Release|Any CPU
		{A65935CD-DC9A-46F0-838A-8D0031E6E0BE}.Release|Any CPU.Build.0 = Release|Any CPU
	EndGlobalSection
	GlobalSection(SolutionProperties) = preSolution
		HideSolutionNode = FALSE
	EndGlobalSection
	GlobalSection(ExtensibilityGlobals) = postSolution
		SolutionGuid = {850F4403-5C89-4979-A262-5EEA542DB182}
	EndGlobalSection
EndGlobal
